
Microsoft Visual Studio Solution File, Format Version 12.00
# Visual Studio 14
VisualStudioVersion = 14.0.25420.1
MinimumVisualStudioVersion = 10.0.40219.1
Project("{2150E333-8FDC-42A3-9474-1A3956D46DE8}") = "src", "src", "{404FB157-10BA-4CAD-B6F3-8DC529018662}"
EndProject
Project("{2150E333-8FDC-42A3-9474-1A3956D46DE8}") = "Solution Items", "Solution Items", "{979519E5-47AA-4D08-9512-AE8AB1E12F04}"
	ProjectSection(SolutionItems) = preProject
		global.json = global.json
	EndProjectSection
EndProject
Project("{8BB2217D-0F2D-49D1-97BC-3654ED321F3B}") = "ReportIT", "src\ReportIT\ReportIT.xproj", "{18635345-C32F-45CA-8B2B-2B179D5C08B7}"
EndProject
Project("{8BB2217D-0F2D-49D1-97BC-3654ED321F3B}") = "ReportIT.Application", "src\ReportIT.Application\ReportIT.Application.xproj", "{77173B74-9EF4-4E2C-88EB-F79A0793CE45}"
EndProject
Project("{8BB2217D-0F2D-49D1-97BC-3654ED321F3B}") = "ReportIT.Domain", "src\ReportIT.Domain\ReportIT.Domain.xproj", "{DD13AC98-CC60-4AFA-9864-C6B8AAEA1B9C}"
EndProject
Project("{8BB2217D-0F2D-49D1-97BC-3654ED321F3B}") = "ReportIT.Infrastructure.Base", "src\ReportIT.Infrastructure.Base\ReportIT.Infrastructure.Base.xproj", "{6D292212-E43F-4CD6-B313-4611E070D179}"
EndProject
Project("{8BB2217D-0F2D-49D1-97BC-3654ED321F3B}") = "ReportIT.Infrastructure", "src\ReportIT.Infrastructure\ReportIT.Infrastructure.xproj", "{E2420B7A-A10F-493E-8D81-438D068DFD4C}"
EndProject
Project("{8BB2217D-0F2D-49D1-97BC-3654ED321F3B}") = "ReportIT.DataAccess", "src\ReportIT.DataAccess\ReportIT.DataAccess.xproj", "{36EF2AD5-E172-47E5-AF7A-5B802598DB8C}"
EndProject
Project("{2150E333-8FDC-42A3-9474-1A3956D46DE8}") = "1. Presentation", "1. Presentation", "{B8331198-C7D3-4930-ACC5-1828A1146BC4}"
EndProject
Project("{2150E333-8FDC-42A3-9474-1A3956D46DE8}") = "2. Application", "2. Application", "{B116839F-B060-4767-B8C6-411631B9382F}"
EndProject
Project("{2150E333-8FDC-42A3-9474-1A3956D46DE8}") = "3. Domain", "3. Domain", "{4AF26BB3-339B-4C30-8280-F63060B02137}"
EndProject
Project("{2150E333-8FDC-42A3-9474-1A3956D46DE8}") = "4. Persistence", "4. Persistence", "{D6651830-E196-4EE7-A406-5400294073D5}"
EndProject
Project("{2150E333-8FDC-42A3-9474-1A3956D46DE8}") = "5. Infrastructure", "5. Infrastructure", "{38E3AF8B-7E11-4A3C-831F-B00A5C64ED59}"
EndProject
Global
	GlobalSection(SolutionConfigurationPlatforms) = preSolution
		Debug|Any CPU = Debug|Any CPU
		Release|Any CPU = Release|Any CPU
		win7-x64|Any CPU = win7-x64|Any CPU
	EndGlobalSection
	GlobalSection(ProjectConfigurationPlatforms) = postSolution
		{18635345-C32F-45CA-8B2B-2B179D5C08B7}.Debug|Any CPU.ActiveCfg = Debug|Any CPU
		{18635345-C32F-45CA-8B2B-2B179D5C08B7}.Debug|Any CPU.Build.0 = Debug|Any CPU
		{18635345-C32F-45CA-8B2B-2B179D5C08B7}.Release|Any CPU.ActiveCfg = Release|Any CPU
		{18635345-C32F-45CA-8B2B-2B179D5C08B7}.Release|Any CPU.Build.0 = Release|Any CPU
		{18635345-C32F-45CA-8B2B-2B179D5C08B7}.win7-x64|Any CPU.ActiveCfg = Release|Any CPU
		{18635345-C32F-45CA-8B2B-2B179D5C08B7}.win7-x64|Any CPU.Build.0 = Release|Any CPU
		{77173B74-9EF4-4E2C-88EB-F79A0793CE45}.Debug|Any CPU.ActiveCfg = Debug|Any CPU
		{77173B74-9EF4-4E2C-88EB-F79A0793CE45}.Debug|Any CPU.Build.0 = Debug|Any CPU
		{77173B74-9EF4-4E2C-88EB-F79A0793CE45}.Release|Any CPU.ActiveCfg = Release|Any CPU
		{77173B74-9EF4-4E2C-88EB-F79A0793CE45}.Release|Any CPU.Build.0 = Release|Any CPU
		{77173B74-9EF4-4E2C-88EB-F79A0793CE45}.win7-x64|Any CPU.ActiveCfg = Release|Any CPU
		{77173B74-9EF4-4E2C-88EB-F79A0793CE45}.win7-x64|Any CPU.Build.0 = Release|Any CPU
		{DD13AC98-CC60-4AFA-9864-C6B8AAEA1B9C}.Debug|Any CPU.ActiveCfg = Debug|Any CPU
		{DD13AC98-CC60-4AFA-9864-C6B8AAEA1B9C}.Debug|Any CPU.Build.0 = Debug|Any CPU
		{DD13AC98-CC60-4AFA-9864-C6B8AAEA1B9C}.Release|Any CPU.ActiveCfg = Release|Any CPU
		{DD13AC98-CC60-4AFA-9864-C6B8AAEA1B9C}.Release|Any CPU.Build.0 = Release|Any CPU
		{DD13AC98-CC60-4AFA-9864-C6B8AAEA1B9C}.win7-x64|Any CPU.ActiveCfg = Release|Any CPU
		{DD13AC98-CC60-4AFA-9864-C6B8AAEA1B9C}.win7-x64|Any CPU.Build.0 = Release|Any CPU
		{6D292212-E43F-4CD6-B313-4611E070D179}.Debug|Any CPU.ActiveCfg = Debug|Any CPU
		{6D292212-E43F-4CD6-B313-4611E070D179}.Debug|Any CPU.Build.0 = Debug|Any CPU
		{6D292212-E43F-4CD6-B313-4611E070D179}.Release|Any CPU.ActiveCfg = Release|Any CPU
		{6D292212-E43F-4CD6-B313-4611E070D179}.Release|Any CPU.Build.0 = Release|Any CPU
		{6D292212-E43F-4CD6-B313-4611E070D179}.win7-x64|Any CPU.ActiveCfg = Release|Any CPU
		{6D292212-E43F-4CD6-B313-4611E070D179}.win7-x64|Any CPU.Build.0 = Release|Any CPU
		{E2420B7A-A10F-493E-8D81-438D068DFD4C}.Debug|Any CPU.ActiveCfg = Debug|Any CPU
		{E2420B7A-A10F-493E-8D81-438D068DFD4C}.Debug|Any CPU.Build.0 = Debug|Any CPU
		{E2420B7A-A10F-493E-8D81-438D068DFD4C}.Release|Any CPU.ActiveCfg = Release|Any CPU
		{E2420B7A-A10F-493E-8D81-438D068DFD4C}.Release|Any CPU.Build.0 = Release|Any CPU
		{E2420B7A-A10F-493E-8D81-438D068DFD4C}.win7-x64|Any CPU.ActiveCfg = Release|Any CPU
		{E2420B7A-A10F-493E-8D81-438D068DFD4C}.win7-x64|Any CPU.Build.0 = Release|Any CPU
		{36EF2AD5-E172-47E5-AF7A-5B802598DB8C}.Debug|Any CPU.ActiveCfg = Debug|Any CPU
		{36EF2AD5-E172-47E5-AF7A-5B802598DB8C}.Debug|Any CPU.Build.0 = Debug|Any CPU
		{36EF2AD5-E172-47E5-AF7A-5B802598DB8C}.Release|Any CPU.ActiveCfg = Release|Any CPU
		{36EF2AD5-E172-47E5-AF7A-5B802598DB8C}.Release|Any CPU.Build.0 = Release|Any CPU
		{36EF2AD5-E172-47E5-AF7A-5B802598DB8C}.win7-x64|Any CPU.ActiveCfg = Debug|Any CPU
		{36EF2AD5-E172-47E5-AF7A-5B802598DB8C}.win7-x64|Any CPU.Build.0 = Debug|Any CPU
	EndGlobalSection
	GlobalSection(SolutionProperties) = preSolution
		HideSolutionNode = FALSE
	EndGlobalSection
	GlobalSection(NestedProjects) = preSolution
		{18635345-C32F-45CA-8B2B-2B179D5C08B7} = {B8331198-C7D3-4930-ACC5-1828A1146BC4}
		{77173B74-9EF4-4E2C-88EB-F79A0793CE45} = {B116839F-B060-4767-B8C6-411631B9382F}
		{DD13AC98-CC60-4AFA-9864-C6B8AAEA1B9C} = {4AF26BB3-339B-4C30-8280-F63060B02137}
		{6D292212-E43F-4CD6-B313-4611E070D179} = {38E3AF8B-7E11-4A3C-831F-B00A5C64ED59}
		{E2420B7A-A10F-493E-8D81-438D068DFD4C} = {38E3AF8B-7E11-4A3C-831F-B00A5C64ED59}
		{36EF2AD5-E172-47E5-AF7A-5B802598DB8C} = {D6651830-E196-4EE7-A406-5400294073D5}
		{B8331198-C7D3-4930-ACC5-1828A1146BC4} = {404FB157-10BA-4CAD-B6F3-8DC529018662}
		{B116839F-B060-4767-B8C6-411631B9382F} = {404FB157-10BA-4CAD-B6F3-8DC529018662}
		{4AF26BB3-339B-4C30-8280-F63060B02137} = {404FB157-10BA-4CAD-B6F3-8DC529018662}
		{D6651830-E196-4EE7-A406-5400294073D5} = {404FB157-10BA-4CAD-B6F3-8DC529018662}
		{38E3AF8B-7E11-4A3C-831F-B00A5C64ED59} = {404FB157-10BA-4CAD-B6F3-8DC529018662}
	EndGlobalSection
EndGlobal
